// !$*UTF8*$!
{
	archiveVersion = 1;
	classes = {
	};
	objectVersion = 50;
	objects = {

/* Begin PBXBuildFile section */
		2C7B37E11F8E65B800743D7C /* swish.wav in Resources */ = {isa = PBXBuildFile; fileRef = 2C7B37E01F8E65B700743D7C /* swish.wav */; };
		2C7B38001F8FB96300743D7C /* 5.bmp in Resources */ = {isa = PBXBuildFile; fileRef = 2C7B37F61F8FB96200743D7C /* 5.bmp */; };
		2C7B38011F8FB96300743D7C /* 8.bmp in Resources */ = {isa = PBXBuildFile; fileRef = 2C7B37F71F8FB96200743D7C /* 8.bmp */; };
		2C7B38021F8FB96300743D7C /* 6.bmp in Resources */ = {isa = PBXBuildFile; fileRef = 2C7B37F81F8FB96200743D7C /* 6.bmp */; };
		2C7B38031F8FB96300743D7C /* 3.bmp in Resources */ = {isa = PBXBuildFile; fileRef = 2C7B37F91F8FB96200743D7C /* 3.bmp */; };
		2C7B38041F8FB96300743D7C /* 9.bmp in Resources */ = {isa = PBXBuildFile; fileRef = 2C7B37FA1F8FB96200743D7C /* 9.bmp */; };
		2C7B38051F8FB96300743D7C /* 2.bmp in Resources */ = {isa = PBXBuildFile; fileRef = 2C7B37FB1F8FB96200743D7C /* 2.bmp */; };
		2C7B38061F8FB96300743D7C /* 1.bmp in Resources */ = {isa = PBXBuildFile; fileRef = 2C7B37FC1F8FB96200743D7C /* 1.bmp */; };
		2C7B38071F8FB96300743D7C /* 7.bmp in Resources */ = {isa = PBXBuildFile; fileRef = 2C7B37FD1F8FB96200743D7C /* 7.bmp */; };
		2C7B38081F8FB96300743D7C /* 0.bmp in Resources */ = {isa = PBXBuildFile; fileRef = 2C7B37FE1F8FB96200743D7C /* 0.bmp */; };
		2C7B38091F8FB96300743D7C /* 4.bmp in Resources */ = {isa = PBXBuildFile; fileRef = 2C7B37FF1F8FB96200743D7C /* 4.bmp */; };
		2CED25E51F75246200A6326D /* Main.storyboard in Resources */ = {isa = PBXBuildFile; fileRef = 2CED25E31F75246200A6326D /* Main.storyboard */; };
		2CED25E71F75246200A6326D /* Assets.xcassets in Resources */ = {isa = PBXBuildFile; fileRef = 2CED25E61F75246200A6326D /* Assets.xcassets */; };
		2CED25EA1F75246200A6326D /* LaunchScreen.storyboard in Resources */ = {isa = PBXBuildFile; fileRef = 2CED25E81F75246200A6326D /* LaunchScreen.storyboard */; };
		2CF5BF2B1F963C1500F1A06D /* spinner_game_text.bmp in Resources */ = {isa = PBXBuildFile; fileRef = 2CF5BF2A1F963C1500F1A06D /* spinner_game_text.bmp */; };
		2CF5BF311F965CC600F1A06D /* mesh_pattern.bmp in Resources */ = {isa = PBXBuildFile; fileRef = 2CF5BF301F965CC600F1A06D /* mesh_pattern.bmp */; };
		2CF5BF331F98C66C00F1A06D /* spins.bmp in Resources */ = {isa = PBXBuildFile; fileRef = 2CF5BF321F98C66C00F1A06D /* spins.bmp */; };
		2CF5BF351F9E4FB900F1A06D /* konan.bmp in Resources */ = {isa = PBXBuildFile; fileRef = 2CF5BF341F9E4FB900F1A06D /* konan.bmp */; };
		2CF5BF3B1F9F58DB00F1A06D /* game_over.bmp in Resources */ = {isa = PBXBuildFile; fileRef = 2CF5BF361F9F58DB00F1A06D /* game_over.bmp */; };
		2CF5BF3C1F9F58DB00F1A06D /* team_place.bmp in Resources */ = {isa = PBXBuildFile; fileRef = 2CF5BF371F9F58DB00F1A06D /* team_place.bmp */; };
		2CF5BF3D1F9F58DB00F1A06D /* total_spins.bmp in Resources */ = {isa = PBXBuildFile; fileRef = 2CF5BF381F9F58DB00F1A06D /* total_spins.bmp */; };
		2CF5BF3E1F9F58DB00F1A06D /* winner.bmp in Resources */ = {isa = PBXBuildFile; fileRef = 2CF5BF391F9F58DB00F1A06D /* winner.bmp */; };
		2CF5BF3F1F9F58DB00F1A06D /* you_contributed.bmp in Resources */ = {isa = PBXBuildFile; fileRef = 2CF5BF3A1F9F58DB00F1A06D /* you_contributed.bmp */; };
		2CF5BF411FA357E200F1A06D /* spinner_repo.bmp in Resources */ = {isa = PBXBuildFile; fileRef = 2CF5BF401FA357E200F1A06D /* spinner_repo.bmp */; };
/* End PBXBuildFile section */

/* Begin PBXFileReference section */
		2C7B37E01F8E65B700743D7C /* swish.wav */ = {isa = PBXFileReference; lastKnownFileType = audio.wav; name = swish.wav; path = ../../android/src/main/assets/swish.wav; sourceTree = "<group>"; };
		2C7B37F61F8FB96200743D7C /* 5.bmp */ = {isa = PBXFileReference; lastKnownFileType = image.bmp; name = 5.bmp; path = ../../../utils/ios/5.bmp; sourceTree = "<group>"; };
		2C7B37F71F8FB96200743D7C /* 8.bmp */ = {isa = PBXFileReference; lastKnownFileType = image.bmp; name = 8.bmp; path = ../../../utils/ios/8.bmp; sourceTree = "<group>"; };
		2C7B37F81F8FB96200743D7C /* 6.bmp */ = {isa = PBXFileReference; lastKnownFileType = image.bmp; name = 6.bmp; path = ../../../utils/ios/6.bmp; sourceTree = "<group>"; };
		2C7B37F91F8FB96200743D7C /* 3.bmp */ = {isa = PBXFileReference; lastKnownFileType = image.bmp; name = 3.bmp; path = ../../../utils/ios/3.bmp; sourceTree = "<group>"; };
		2C7B37FA1F8FB96200743D7C /* 9.bmp */ = {isa = PBXFileReference; lastKnownFileType = image.bmp; name = 9.bmp; path = ../../../utils/ios/9.bmp; sourceTree = "<group>"; };
		2C7B37FB1F8FB96200743D7C /* 2.bmp */ = {isa = PBXFileReference; lastKnownFileType = image.bmp; name = 2.bmp; path = ../../../utils/ios/2.bmp; sourceTree = "<group>"; };
		2C7B37FC1F8FB96200743D7C /* 1.bmp */ = {isa = PBXFileReference; lastKnownFileType = image.bmp; name = 1.bmp; path = ../../../utils/ios/1.bmp; sourceTree = "<group>"; };
		2C7B37FD1F8FB96200743D7C /* 7.bmp */ = {isa = PBXFileReference; lastKnownFileType = image.bmp; name = 7.bmp; path = ../../../utils/ios/7.bmp; sourceTree = "<group>"; };
		2C7B37FE1F8FB96200743D7C /* 0.bmp */ = {isa = PBXFileReference; lastKnownFileType = image.bmp; name = 0.bmp; path = ../../../utils/ios/0.bmp; sourceTree = "<group>"; };
		2C7B37FF1F8FB96200743D7C /* 4.bmp */ = {isa = PBXFileReference; lastKnownFileType = image.bmp; name = 4.bmp; path = ../../../utils/ios/4.bmp; sourceTree = "<group>"; };
		2CED25DA1F75246200A6326D /* konf-demo.app */ = {isa = PBXFileReference; explicitFileType = wrapper.application; includeInIndex = 0; path = "konf-demo.app"; sourceTree = BUILT_PRODUCTS_DIR; };
	2CED25E41F75246200A6326D /* Base */ = {isa = PBXFileReference; lastKnownFileType = file.storyboard; name = Base; path = Base.lproj/Main.storyboard; sourceTree = "<group>"; };
		2CED25E61F75246200A6326D /* Assets.xcassets */ = {isa = PBXFileReference; lastKnownFileType = folder.assetcatalog; path = Assets.xcassets; sourceTree = "<group>"; };
		2CED25E91F75246200A6326D /* Base */ = {isa = PBXFileReference; lastKnownFileType = file.storyboard; name = Base; path = Base.lproj/LaunchScreen.storyboard; sourceTree = "<group>"; };
		2CED25EB1F75246200A6326D /* Info.plist */ = {isa = PBXFileReference; lastKnownFileType = text.plist.xml; path = Info.plist; sourceTree = "<group>"; };
		2CF5BF2A1F963C1500F1A06D /* spinner_game_text.bmp */ = {isa = PBXFileReference; lastKnownFileType = image.bmp; name = spinner_game_text.bmp; path = ../../android/src/main/assets/spinner_game_text.bmp; sourceTree = "<group>"; };
		2CF5BF301F965CC600F1A06D /* mesh_pattern.bmp */ = {isa = PBXFileReference; lastKnownFileType = image.bmp; name = mesh_pattern.bmp; path = ../../android/src/main/assets/mesh_pattern.bmp; sourceTree = "<group>"; };
		2CF5BF321F98C66C00F1A06D /* spins.bmp */ = {isa = PBXFileReference; lastKnownFileType = image.bmp; name = spins.bmp; path = ../../android/src/main/assets/spins.bmp; sourceTree = "<group>"; };
		2CF5BF341F9E4FB900F1A06D /* konan.bmp */ = {isa = PBXFileReference; lastKnownFileType = image.bmp; name = konan.bmp; path = ../../android/src/main/assets/konan.bmp; sourceTree = "<group>"; };
		2CF5BF361F9F58DB00F1A06D /* game_over.bmp */ = {isa = PBXFileReference; lastKnownFileType = image.bmp; name = game_over.bmp; path = ../../android/src/main/assets/game_over.bmp; sourceTree = "<group>"; };
		2CF5BF371F9F58DB00F1A06D /* team_place.bmp */ = {isa = PBXFileReference; lastKnownFileType = image.bmp; name = team_place.bmp; path = ../../android/src/main/assets/team_place.bmp; sourceTree = "<group>"; };
		2CF5BF381F9F58DB00F1A06D /* total_spins.bmp */ = {isa = PBXFileReference; lastKnownFileType = image.bmp; name = total_spins.bmp; path = ../../android/src/main/assets/total_spins.bmp; sourceTree = "<group>"; };
		2CF5BF391F9F58DB00F1A06D /* winner.bmp */ = {isa = PBXFileReference; lastKnownFileType = image.bmp; name = winner.bmp; path = ../../android/src/main/assets/winner.bmp; sourceTree = "<group>"; };
		2CF5BF3A1F9F58DB00F1A06D /* you_contributed.bmp */ = {isa = PBXFileReference; lastKnownFileType = image.bmp; name = you_contributed.bmp; path = ../../android/src/main/assets/you_contributed.bmp; sourceTree = "<group>"; };
		2CF5BF401FA357E200F1A06D /* spinner_repo.bmp */ = {isa = PBXFileReference; lastKnownFileType = image.bmp; name = spinner_repo.bmp; path = ../../android/src/main/assets/spinner_repo.bmp; sourceTree = "<group>"; };
/* End PBXFileReference section */

/* Begin PBXGroup section */
		2CED25D11F75246200A6326D = {
			isa = PBXGroup;
			children = (
				2CED25DC1F75246200A6326D /* konf-demo */,
				2CED25DB1F75246200A6326D /* Products */,
			);
			sourceTree = "<group>";
		};
		2CED25DB1F75246200A6326D /* Products */ = {
			isa = PBXGroup;
			children = (
				2CED25DA1F75246200A6326D /* konf-demo.app */,
			);
			name = Products;
			sourceTree = "<group>";
		};
		2CED25DC1F75246200A6326D /* konf-demo */ = {
			isa = PBXGroup;
			children = (
				2CF5BF401FA357E200F1A06D /* spinner_repo.bmp */,
				2CF5BF361F9F58DB00F1A06D /* game_over.bmp */,
				2CF5BF371F9F58DB00F1A06D /* team_place.bmp */,
				2CF5BF381F9F58DB00F1A06D /* total_spins.bmp */,
				2CF5BF391F9F58DB00F1A06D /* winner.bmp */,
				2CF5BF3A1F9F58DB00F1A06D /* you_contributed.bmp */,
				2CF5BF341F9E4FB900F1A06D /* konan.bmp */,
				2CF5BF321F98C66C00F1A06D /* spins.bmp */,
				2CF5BF301F965CC600F1A06D /* mesh_pattern.bmp */,
				2CF5BF2A1F963C1500F1A06D /* spinner_game_text.bmp */,
				2C7B37FE1F8FB96200743D7C /* 0.bmp */,
				2C7B37FC1F8FB96200743D7C /* 1.bmp */,
				2C7B37FB1F8FB96200743D7C /* 2.bmp */,
				2C7B37F91F8FB96200743D7C /* 3.bmp */,
				2C7B37FF1F8FB96200743D7C /* 4.bmp */,
				2C7B37F61F8FB96200743D7C /* 5.bmp */,
				2C7B37F81F8FB96200743D7C /* 6.bmp */,
				2C7B37FD1F8FB96200743D7C /* 7.bmp */,
				2C7B37F71F8FB96200743D7C /* 8.bmp */,
				2C7B37FA1F8FB96200743D7C /* 9.bmp */,
				2C7B37E01F8E65B700743D7C /* swish.wav */,
				2CED25E31F75246200A6326D /* Main.storyboard */,
				2CED25E61F75246200A6326D /* Assets.xcassets */,
				2CED25E81F75246200A6326D /* LaunchScreen.storyboard */,
				2CED25EB1F75246200A6326D /* Info.plist */,
			);
			path = "konf-demo";
			sourceTree = "<group>";
		};
/* End PBXGroup section */

/* Begin PBXNativeTarget section */
		2CED25D91F75246200A6326D /* konf-demo */ = {
			isa = PBXNativeTarget;
			buildConfigurationList = 2CED25F01F75246200A6326D /* Build configuration list for PBXNativeTarget "konf-demo" */;
			buildPhases = (
				2CED25F41F7525EA00A6326D /* Compile Kotlin Sources */,
				2CED25D81F75246200A6326D /* Resources */,
			);
			buildRules = (
			);
			dependencies = (
			);
			name = "konf-demo";
			productName = "konf-demo";
			productReference = 2CED25DA1F75246200A6326D /* konf-demo.app */;
			productType = "com.apple.product-type.application";
		};
/* End PBXNativeTarget section */

/* Begin PBXProject section */
		2CED25D21F75246200A6326D /* Project object */ = {
			isa = PBXProject;
			attributes = {
				LastUpgradeCheck = 0940;
				ORGANIZATIONNAME = JetBrains;
				TargetAttributes = {
					2CED25D91F75246200A6326D = {
						CreatedOnToolsVersion = 9.0;
						ProvisioningStyle = Automatic;
						SystemCapabilities = {
							com.apple.GameCenter = {
								enabled = 1;
							};
						};
					};
				};
			};
			buildConfigurationList = 2CED25D51F75246200A6326D /* Build configuration list for PBXProject "konf-demo" */;
			compatibilityVersion = "Xcode 9.3";
			developmentRegion = en;
			hasScannedForEncodings = 0;
			knownRegions = (
				en,
				Base,
			);
			mainGroup = 2CED25D11F75246200A6326D;
			productRefGroup = 2CED25DB1F75246200A6326D /* Products */;
			projectDirPath = "";
			projectRoot = "";
			targets = (
				2CED25D91F75246200A6326D /* konf-demo */,
			);
		};
/* End PBXProject section */

/* Begin PBXResourcesBuildPhase section */
		2CED25D81F75246200A6326D /* Resources */ = {
			isa = PBXResourcesBuildPhase;
			buildActionMask = 2147483647;
			files = (
				2C7B38051F8FB96300743D7C /* 2.bmp in Resources */,
				2C7B38021F8FB96300743D7C /* 6.bmp in Resources */,
				2C7B38081F8FB96300743D7C /* 0.bmp in Resources */,
				2C7B38041F8FB96300743D7C /* 9.bmp in Resources */,
				2C7B38061F8FB96300743D7C /* 1.bmp in Resources */,
				2CF5BF311F965CC600F1A06D /* mesh_pattern.bmp in Resources */,
				2C7B38091F8FB96300743D7C /* 4.bmp in Resources */,
				2CF5BF331F98C66C00F1A06D /* spins.bmp in Resources */,
				2CF5BF3E1F9F58DB00F1A06D /* winner.bmp in Resources */,
				2CED25EA1F75246200A6326D /* LaunchScreen.storyboard in Resources */,
				2C7B37E11F8E65B800743D7C /* swish.wav in Resources */,
				2CF5BF3F1F9F58DB00F1A06D /* you_contributed.bmp in Resources */,
				2C7B38001F8FB96300743D7C /* 5.bmp in Resources */,
				2CED25E71F75246200A6326D /* Assets.xcassets in Resources */,
				2C7B38071F8FB96300743D7C /* 7.bmp in Resources */,
				2CF5BF351F9E4FB900F1A06D /* konan.bmp in Resources */,
				2CF5BF3C1F9F58DB00F1A06D /* team_place.bmp in Resources */,
				2CF5BF411FA357E200F1A06D /* spinner_repo.bmp in Resources */,
				2CF5BF3D1F9F58DB00F1A06D /* total_spins.bmp in Resources */,
				2C7B38031F8FB96300743D7C /* 3.bmp in Resources */,
				2CF5BF3B1F9F58DB00F1A06D /* game_over.bmp in Resources */,
				2C7B38011F8FB96300743D7C /* 8.bmp in Resources */,
				2CF5BF2B1F963C1500F1A06D /* spinner_game_text.bmp in Resources */,
				2CED25E51F75246200A6326D /* Main.storyboard in Resources */,
			);
			runOnlyForDeploymentPostprocessing = 0;
		};
/* End PBXResourcesBuildPhase section */

/* Begin PBXShellScriptBuildPhase section */
		2CED25F41F7525EA00A6326D /* Compile Kotlin Sources */ = {
			isa = PBXShellScriptBuildPhase;
			buildActionMask = 2147483647;
			files = (
			);
			inputPaths = (
			);
			name = "Compile Kotlin Sources";
			outputPaths = (
			);
			runOnlyForDeploymentPostprocessing = 0;
			shellPath = /bin/sh;
			shellScript = "$SRCROOT/../../gradlew -p $SRCROOT packForXCode -Pdisable.android=true";
		};
/* End PBXShellScriptBuildPhase section */

/* Begin PBXVariantGroup section */
		2CED25E31F75246200A6326D /* Main.storyboard */ = {
			isa = PBXVariantGroup;
			children = (
				2CED25E41F75246200A6326D /* Base */,
			);
			name = Main.storyboard;
			sourceTree = "<group>";
		};
		2CED25E81F75246200A6326D /* LaunchScreen.storyboard */ = {
			isa = PBXVariantGroup;
			children = (
				2CED25E91F75246200A6326D /* Base */,
			);
			name = LaunchScreen.storyboard;
			sourceTree = "<group>";
		};
/* End PBXVariantGroup section */

/* Begin XCBuildConfiguration section */
		2CED25EE1F75246200A6326D /* Debug */ = {
			isa = XCBuildConfiguration;
			buildSettings = {
				ALWAYS_SEARCH_USER_PATHS = NO;
				CLANG_ANALYZER_NONNULL = YES;
				CLANG_ANALYZER_NUMBER_OBJECT_CONVERSION = YES_AGGRESSIVE;
				CLANG_CXX_LANGUAGE_STANDARD = "gnu++14";
				CLANG_CXX_LIBRARY = "libc++";
				CLANG_ENABLE_MODULES = YES;
				CLANG_ENABLE_OBJC_ARC = YES;
				CLANG_WARN_BLOCK_CAPTURE_AUTORELEASING = YES;
				CLANG_WARN_BOOL_CONVERSION = YES;
				CLANG_WARN_COMMA = YES;
				CLANG_WARN_CONSTANT_CONVERSION = YES;
				CLANG_WARN_DEPRECATED_OBJC_IMPLEMENTATIONS = YES;
				CLANG_WARN_DIRECT_OBJC_ISA_USAGE = YES_ERROR;
				CLANG_WARN_DOCUMENTATION_COMMENTS = YES;
				CLANG_WARN_EMPTY_BODY = YES;
				CLANG_WARN_ENUM_CONVERSION = YES;
				CLANG_WARN_INFINITE_RECURSION = YES;
				CLANG_WARN_INT_CONVERSION = YES;
				CLANG_WARN_NON_LITERAL_NULL_CONVERSION = YES;
				CLANG_WARN_OBJC_IMPLICIT_RETAIN_SELF = YES;
				CLANG_WARN_OBJC_LITERAL_CONVERSION = YES;
				CLANG_WARN_OBJC_ROOT_CLASS = YES_ERROR;
				CLANG_WARN_RANGE_LOOP_ANALYSIS = YES;
				CLANG_WARN_STRICT_PROTOTYPES = YES;
				CLANG_WARN_SUSPICIOUS_MOVE = YES;
				CLANG_WARN_UNGUARDED_AVAILABILITY = YES_AGGRESSIVE;
				CLANG_WARN_UNREACHABLE_CODE = YES;
				CLANG_WARN__DUPLICATE_METHOD_MATCH = YES;
				CODE_SIGN_IDENTITY = "iPhone Developer";
				COPY_PHASE_STRIP = NO;
				DEBUG_INFORMATION_FORMAT = dwarf;
				ENABLE_STRICT_OBJC_MSGSEND = YES;
				ENABLE_TESTABILITY = YES;
				GCC_C_LANGUAGE_STANDARD = gnu11;
				GCC_DYNAMIC_NO_PIC = NO;
				GCC_NO_COMMON_BLOCKS = YES;
				GCC_OPTIMIZATION_LEVEL = 0;
				GCC_PREPROCESSOR_DEFINITIONS = (
					"DEBUG=1",
					"$(inherited)",
				);
				GCC_WARN_64_TO_32_BIT_CONVERSION = YES;
				GCC_WARN_ABOUT_RETURN_TYPE = YES_ERROR;
				GCC_WARN_UNDECLARED_SELECTOR = YES;
				GCC_WARN_UNINITIALIZED_AUTOS = YES_AGGRESSIVE;
				GCC_WARN_UNUSED_FUNCTION = YES;
				GCC_WARN_UNUSED_VARIABLE = YES;
				IPHONEOS_DEPLOYMENT_TARGET = 10.3;
				MTL_ENABLE_DEBUG_INFO = YES;
				ONLY_ACTIVE_ARCH = YES;
				SDKROOT = iphoneos;
			};
			name = Debug;
		};
		2CED25EF1F75246200A6326D /* Release */ = {
			isa = XCBuildConfiguration;
			buildSettings = {
				ALWAYS_SEARCH_USER_PATHS = NO;
				CLANG_ANALYZER_NONNULL = YES;
				CLANG_ANALYZER_NUMBER_OBJECT_CONVERSION = YES_AGGRESSIVE;
				CLANG_CXX_LANGUAGE_STANDARD = "gnu++14";
				CLANG_CXX_LIBRARY = "libc++";
				CLANG_ENABLE_MODULES = YES;
				CLANG_ENABLE_OBJC_ARC = YES;
				CLANG_WARN_BLOCK_CAPTURE_AUTORELEASING = YES;
				CLANG_WARN_BOOL_CONVERSION = YES;
				CLANG_WARN_COMMA = YES;
				CLANG_WARN_CONSTANT_CONVERSION = YES;
				CLANG_WARN_DEPRECATED_OBJC_IMPLEMENTATIONS = YES;
				CLANG_WARN_DIRECT_OBJC_ISA_USAGE = YES_ERROR;
				CLANG_WARN_DOCUMENTATION_COMMENTS = YES;
				CLANG_WARN_EMPTY_BODY = YES;
				CLANG_WARN_ENUM_CONVERSION = YES;
				CLANG_WARN_INFINITE_RECURSION = YES;
				CLANG_WARN_INT_CONVERSION = YES;
				CLANG_WARN_NON_LITERAL_NULL_CONVERSION = YES;
				CLANG_WARN_OBJC_IMPLICIT_RETAIN_SELF = YES;
				CLANG_WARN_OBJC_LITERAL_CONVERSION = YES;
				CLANG_WARN_OBJC_ROOT_CLASS = YES_ERROR;
				CLANG_WARN_RANGE_LOOP_ANALYSIS = YES;
				CLANG_WARN_STRICT_PROTOTYPES = YES;
				CLANG_WARN_SUSPICIOUS_MOVE = YES;
				CLANG_WARN_UNGUARDED_AVAILABILITY = YES_AGGRESSIVE;
				CLANG_WARN_UNREACHABLE_CODE = YES;
				CLANG_WARN__DUPLICATE_METHOD_MATCH = YES;
				CODE_SIGN_IDENTITY = "iPhone Developer";
				COPY_PHASE_STRIP = NO;
				DEBUG_INFORMATION_FORMAT = "dwarf-with-dsym";
				ENABLE_NS_ASSERTIONS = NO;
				ENABLE_STRICT_OBJC_MSGSEND = YES;
				GCC_C_LANGUAGE_STANDARD = gnu11;
				GCC_NO_COMMON_BLOCKS = YES;
				GCC_WARN_64_TO_32_BIT_CONVERSION = YES;
				GCC_WARN_ABOUT_RETURN_TYPE = YES_ERROR;
				GCC_WARN_UNDECLARED_SELECTOR = YES;
				GCC_WARN_UNINITIALIZED_AUTOS = YES_AGGRESSIVE;
				GCC_WARN_UNUSED_FUNCTION = YES;
				GCC_WARN_UNUSED_VARIABLE = YES;
				IPHONEOS_DEPLOYMENT_TARGET = 10.3;
				MTL_ENABLE_DEBUG_INFO = NO;
				SDKROOT = iphoneos;
				VALIDATE_PRODUCT = YES;
			};
			name = Release;
		};
		2CED25F11F75246200A6326D /* Debug */ = {
			isa = XCBuildConfiguration;
			buildSettings = {
				ASSETCATALOG_COMPILER_APPICON_NAME = AppIcon;
				"CODE_SIGN_IDENTITY[sdk=iphoneos*]" = "iPhone Developer";
				CODE_SIGN_STYLE = Automatic;
				DEVELOPMENT_TEAM = 2ZEFAR8TH3;
				INFOPLIST_FILE = "konf-demo/Info.plist";
				IPHONEOS_DEPLOYMENT_TARGET = 9.0;
				LD_RUNPATH_SEARCH_PATHS = (
					"$(inherited)",
					"@executable_path/Frameworks",
				);
				PRODUCT_BUNDLE_IDENTIFIER = "org.jetbrains.kotlin.native-demo";
				PRODUCT_NAME = "$(TARGET_NAME)";
				PROVISIONING_PROFILE_SPECIFIER = "";
				TARGETED_DEVICE_FAMILY = 1;
				VALID_ARCHS = arm64;
			};
			name = Debug;
		};
		2CED25F21F75246200A6326D /* Release */ = {
			isa = XCBuildConfiguration;
			buildSettings = {
				ASSETCATALOG_COMPILER_APPICON_NAME = AppIcon;
				"CODE_SIGN_IDENTITY[sdk=iphoneos*]" = "iPhone Developer";
				CODE_SIGN_STYLE = Automatic;
				DEVELOPMENT_TEAM = 2ZEFAR8TH3;
				INFOPLIST_FILE = "konf-demo/Info.plist";
				IPHONEOS_DEPLOYMENT_TARGET = 9.0;
				LD_RUNPATH_SEARCH_PATHS = (
					"$(inherited)",
					"@executable_path/Frameworks",
				);
				PRODUCT_BUNDLE_IDENTIFIER = "org.jetbrains.kotlin.native-demo";
				PRODUCT_NAME = "$(TARGET_NAME)";
				PROVISIONING_PROFILE_SPECIFIER = "";
				TARGETED_DEVICE_FAMILY = 1;
				VALID_ARCHS = arm64;
			};
			name = Release;
		};
/* End XCBuildConfiguration section */

/* Begin XCConfigurationList section */
		2CED25D51F75246200A6326D /* Build configuration list for PBXProject "konf-demo" */ = {
			isa = XCConfigurationList;
			buildConfigurations = (
				2CED25EE1F75246200A6326D /* Debug */,
				2CED25EF1F75246200A6326D /* Release */,
			);
			defaultConfigurationIsVisible = 0;
			defaultConfigurationName = Release;
		};
		2CED25F01F75246200A6326D /* Build configuration list for PBXNativeTarget "konf-demo" */ = {
			isa = XCConfigurationList;
			buildConfigurations = (
				2CED25F11F75246200A6326D /* Debug */,
				2CED25F21F75246200A6326D /* Release */,
			);
			defaultConfigurationIsVisible = 0;
			defaultConfigurationName = Release;
		};
/* End XCConfigurationList section */
	};
	rootObject = 2CED25D21F75246200A6326D /* Project object */;
}
